lockfileVersion: '9.0'

settings:
  autoInstallPeers: true
  excludeLinksFromLockfile: false

importers:

  .:
    dependencies:
      '@medusajs/admin-shared':
        specifier: ^2.1.3
        version: 2.1.3

packages:

  '@medusajs/admin-shared@2.1.3':
    resolution: {integrity: sha512-ygCvcNM69hCbYdGR9XO7TTav7G/48YzdeSv++SBWpc5kMCFnOhlRGr3m8y/5OrJ7vbSPtS4WtRVvC7jleJEmMA==}

snapshots:

  '@medusajs/admin-shared@2.1.3': {}
